
Microsoft Visual Studio Solution File, Format Version 12.00
# Visual Studio Version 16
VisualStudioVersion = 16.0.31019.35
MinimumVisualStudioVersion = 10.0.40219.1
Project("{FAE04EC0-301F-11D3-BF4B-00C04F79EFBC}") = "CEncryptor", "CEncryptor\CEncryptor.csproj", "{7CB8ABF8-6F63-41B9-9A47-5723DBA92722}"
EndProject
Global
	GlobalSection(SolutionConfigurationPlatforms) = preSolution
		Debug|Any CPU = Debug|Any CPU
		Release|Any CPU = Release|Any CPU
	EndGlobalSection
	GlobalSection(ProjectConfigurationPlatforms) = postSolution
		{7CB8ABF8-6F63-41B9-9A47-5723DBA92722}.Debug|Any CPU.ActiveCfg = Debug|Any CPU
		{7CB8ABF8-6F63-41B9-9A47-5723DBA92722}.Debug|Any CPU.Build.0 = Debug|Any CPU
		{7CB8ABF8-6F63-41B9-9A47-5723DBA92722}.Release|Any CPU.ActiveCfg = Release|Any CPU
		{7CB8ABF8-6F63-41B9-9A47-5723DBA92722}.Release|Any CPU.Build.0 = Release|Any CPU
	EndGlobalSection
	GlobalSection(SolutionProperties) = preSolution
		HideSolutionNode = FALSE
	EndGlobalSection
	GlobalSection(ExtensibilityGlobals) = postSolution
		SolutionGuid = {04A091F7-BF03-425F-B3F8-465A5FE71EA8}
	EndGlobalSection
EndGlobal
